
Microsoft Visual Studio Solution File, Format Version 12.00
# Visual Studio Version 17
VisualStudioVersion = 17.8.34330.188
MinimumVisualStudioVersion = 10.0.40219.1
Project("{FAE04EC0-301F-11D3-BF4B-00C04F79EFBC}") = "FiveInARow", "FiveInARow\FiveInARow.csproj", "{1DB55C2A-1058-4FB8-B2D5-DF7EB5E0E9E3}"
EndProject
Global
	GlobalSection(SolutionConfigurationPlatforms) = preSolution
		Debug|Any CPU = Debug|Any CPU
		Release|Any CPU = Release|Any CPU
	EndGlobalSection
	GlobalSection(ProjectConfigurationPlatforms) = postSolution
		{1DB55C2A-1058-4FB8-B2D5-DF7EB5E0E9E3}.Debug|Any CPU.ActiveCfg = Debug|Any CPU
		{1DB55C2A-1058-4FB8-B2D5-DF7EB5E0E9E3}.Debug|Any CPU.Build.0 = Debug|Any CPU
		{1DB55C2A-1058-4FB8-B2D5-DF7EB5E0E9E3}.Release|Any CPU.ActiveCfg = Release|Any CPU
		{1DB55C2A-1058-4FB8-B2D5-DF7EB5E0E9E3}.Release|Any CPU.Build.0 = Release|Any CPU
	EndGlobalSection
	GlobalSection(SolutionProperties) = preSolution
		HideSolutionNode = FALSE
	EndGlobalSection
	GlobalSection(ExtensibilityGlobals) = postSolution
		SolutionGuid = {DB59EC06-5D09-46FB-9B81-F32989D845D7}
	EndGlobalSection
EndGlobal
